
Microsoft Visual Studio Solution File, Format Version 12.00
# Visual Studio Version 17
VisualStudioVersion = 17.3.32811.315
MinimumVisualStudioVersion = 10.0.40219.1
Project("{9A19103F-16F7-4668-BE54-9A1E7A4F7556}") = "Exercise1", "Exercise1\Exercise1.csproj", "{95CC7A76-DABE-4304-B4F4-5633A0EF6F71}"
EndProject
Project("{9A19103F-16F7-4668-BE54-9A1E7A4F7556}") = "Exercise1.Tests", "Exercise1.Tests\Exercise1.Tests.csproj", "{9A685D96-7099-4B5B-8BCA-ED62A9623D53}"
EndProject
Project("{9A19103F-16F7-4668-BE54-9A1E7A4F7556}") = "Exercise2", "Exercise2\Exercise2.csproj", "{940A428E-D0D5-4F4B-BD04-7EF5EDA96969}"
EndProject
Project("{9A19103F-16F7-4668-BE54-9A1E7A4F7556}") = "Exercise2.Tests", "Exercise2.Tests\Exercise2.Tests.csproj", "{33DA0583-3F1B-453A-8AAE-82A5B06D341B}"
EndProject
Global
	GlobalSection(SolutionConfigurationPlatforms) = preSolution
		Debug|Any CPU = Debug|Any CPU
		Release|Any CPU = Release|Any CPU
	EndGlobalSection
	GlobalSection(ProjectConfigurationPlatforms) = postSolution
		{95CC7A76-DABE-4304-B4F4-5633A0EF6F71}.Debug|Any CPU.ActiveCfg = Debug|Any CPU
		{95CC7A76-DABE-4304-B4F4-5633A0EF6F71}.Debug|Any CPU.Build.0 = Debug|Any CPU
		{95CC7A76-DABE-4304-B4F4-5633A0EF6F71}.Release|Any CPU.ActiveCfg = Release|Any CPU
		{95CC7A76-DABE-4304-B4F4-5633A0EF6F71}.Release|Any CPU.Build.0 = Release|Any CPU
		{9A685D96-7099-4B5B-8BCA-ED62A9623D53}.Debug|Any CPU.ActiveCfg = Debug|Any CPU
		{9A685D96-7099-4B5B-8BCA-ED62A9623D53}.Debug|Any CPU.Build.0 = Debug|Any CPU
		{9A685D96-7099-4B5B-8BCA-ED62A9623D53}.Release|Any CPU.ActiveCfg = Release|Any CPU
		{9A685D96-7099-4B5B-8BCA-ED62A9623D53}.Release|Any CPU.Build.0 = Release|Any CPU
		{940A428E-D0D5-4F4B-BD04-7EF5EDA96969}.Debug|Any CPU.ActiveCfg = Debug|Any CPU
		{940A428E-D0D5-4F4B-BD04-7EF5EDA96969}.Debug|Any CPU.Build.0 = Debug|Any CPU
		{940A428E-D0D5-4F4B-BD04-7EF5EDA96969}.Release|Any CPU.ActiveCfg = Release|Any CPU
		{940A428E-D0D5-4F4B-BD04-7EF5EDA96969}.Release|Any CPU.Build.0 = Release|Any CPU
		{33DA0583-3F1B-453A-8AAE-82A5B06D341B}.Debug|Any CPU.ActiveCfg = Debug|Any CPU
		{33DA0583-3F1B-453A-8AAE-82A5B06D341B}.Debug|Any CPU.Build.0 = Debug|Any CPU
		{33DA0583-3F1B-453A-8AAE-82A5B06D341B}.Release|Any CPU.ActiveCfg = Release|Any CPU
		{33DA0583-3F1B-453A-8AAE-82A5B06D341B}.Release|Any CPU.Build.0 = Release|Any CPU
	EndGlobalSection
	GlobalSection(SolutionProperties) = preSolution
		HideSolutionNode = FALSE
	EndGlobalSection
	GlobalSection(ExtensibilityGlobals) = postSolution
		SolutionGuid = {8D3BEBEE-B15A-4332-8545-4340C562B5D1}
	EndGlobalSection
EndGlobal
