
Microsoft Visual Studio Solution File, Format Version 12.00
# Visual Studio Version 17
VisualStudioVersion = 17.3.32922.545
MinimumVisualStudioVersion = 10.0.40219.1
Project("{FAE04EC0-301F-11D3-BF4B-00C04F79EFBC}") = "Exercise1.FizzBuzz.UI", "Exercise1.FizzBuzz.UI\Exercise1.FizzBuzz.UI.csproj", "{DA40223E-18CB-4169-939A-F615978CF8DC}"
EndProject
Project("{FAE04EC0-301F-11D3-BF4B-00C04F79EFBC}") = "Exercise1.FizzBuzz.AppLogic", "Exercise1.FizzBuzz.AppLogic\Exercise1.FizzBuzz.AppLogic.csproj", "{38A86676-A55C-4A06-8556-C75E915574AB}"
EndProject
Project("{FAE04EC0-301F-11D3-BF4B-00C04F79EFBC}") = "Exercise1.FizzBuzz.AppLogic.Tests", "Exercise1.FizzBuzz.AppLogic.Tests\Exercise1.FizzBuzz.AppLogic.Tests.csproj", "{052651CF-746D-42A8-9C64-59CC417C2D28}"
EndProject
Project("{FAE04EC0-301F-11D3-BF4B-00C04F79EFBC}") = "Exercise1.Guts.Tests", "Exercise1.Guts.Tests\Exercise1.Guts.Tests.csproj", "{707654CD-D648-4D2D-B3E3-80F98C06EBA9}"
EndProject
Global
	GlobalSection(SolutionConfigurationPlatforms) = preSolution
		Debug|Any CPU = Debug|Any CPU
		Release|Any CPU = Release|Any CPU
	EndGlobalSection
	GlobalSection(ProjectConfigurationPlatforms) = postSolution
		{DA40223E-18CB-4169-939A-F615978CF8DC}.Debug|Any CPU.ActiveCfg = Debug|Any CPU
		{DA40223E-18CB-4169-939A-F615978CF8DC}.Debug|Any CPU.Build.0 = Debug|Any CPU
		{DA40223E-18CB-4169-939A-F615978CF8DC}.Release|Any CPU.ActiveCfg = Release|Any CPU
		{DA40223E-18CB-4169-939A-F615978CF8DC}.Release|Any CPU.Build.0 = Release|Any CPU
		{38A86676-A55C-4A06-8556-C75E915574AB}.Debug|Any CPU.ActiveCfg = Debug|Any CPU
		{38A86676-A55C-4A06-8556-C75E915574AB}.Debug|Any CPU.Build.0 = Debug|Any CPU
		{38A86676-A55C-4A06-8556-C75E915574AB}.Release|Any CPU.ActiveCfg = Release|Any CPU
		{38A86676-A55C-4A06-8556-C75E915574AB}.Release|Any CPU.Build.0 = Release|Any CPU
		{052651CF-746D-42A8-9C64-59CC417C2D28}.Debug|Any CPU.ActiveCfg = Debug|Any CPU
		{052651CF-746D-42A8-9C64-59CC417C2D28}.Debug|Any CPU.Build.0 = Debug|Any CPU
		{052651CF-746D-42A8-9C64-59CC417C2D28}.Release|Any CPU.ActiveCfg = Release|Any CPU
		{052651CF-746D-42A8-9C64-59CC417C2D28}.Release|Any CPU.Build.0 = Release|Any CPU
		{707654CD-D648-4D2D-B3E3-80F98C06EBA9}.Debug|Any CPU.ActiveCfg = Debug|Any CPU
		{707654CD-D648-4D2D-B3E3-80F98C06EBA9}.Debug|Any CPU.Build.0 = Debug|Any CPU
		{707654CD-D648-4D2D-B3E3-80F98C06EBA9}.Release|Any CPU.ActiveCfg = Release|Any CPU
		{707654CD-D648-4D2D-B3E3-80F98C06EBA9}.Release|Any CPU.Build.0 = Release|Any CPU
	EndGlobalSection
	GlobalSection(SolutionProperties) = preSolution
		HideSolutionNode = FALSE
	EndGlobalSection
	GlobalSection(ExtensibilityGlobals) = postSolution
		SolutionGuid = {E55C9EFF-DD10-44D0-9520-2A1E019EA1B7}
	EndGlobalSection
EndGlobal
