
Microsoft Visual Studio Solution File, Format Version 12.00
# Visual Studio Version 17
VisualStudioVersion = 17.3.32811.315
MinimumVisualStudioVersion = 10.0.40219.1
Project("{9A19103F-16F7-4668-BE54-9A1E7A4F7556}") = "Exercise1", "Exercise1\Exercise1.csproj", "{17291B1A-641C-4B97-A2F0-6397A7E77B03}"
EndProject
Project("{9A19103F-16F7-4668-BE54-9A1E7A4F7556}") = "Exercise1.Tests", "Exercise1.Tests\Exercise1.Tests.csproj", "{A991F8F7-4D6E-4940-8FFA-B1B8FCA8C230}"
EndProject
Project("{9A19103F-16F7-4668-BE54-9A1E7A4F7556}") = "Exercise2", "Exercise2\Exercise2.csproj", "{01372B39-BC4A-4B52-9AF1-1996CEB72337}"
EndProject
Project("{9A19103F-16F7-4668-BE54-9A1E7A4F7556}") = "Exercise2.Tests", "Exercise2.Tests\Exercise2.Tests.csproj", "{3A786454-3D88-41CD-A043-161FC980C411}"
EndProject
Global
	GlobalSection(SolutionConfigurationPlatforms) = preSolution
		Debug|Any CPU = Debug|Any CPU
		Release|Any CPU = Release|Any CPU
	EndGlobalSection
	GlobalSection(ProjectConfigurationPlatforms) = postSolution
		{17291B1A-641C-4B97-A2F0-6397A7E77B03}.Debug|Any CPU.ActiveCfg = Debug|Any CPU
		{17291B1A-641C-4B97-A2F0-6397A7E77B03}.Debug|Any CPU.Build.0 = Debug|Any CPU
		{17291B1A-641C-4B97-A2F0-6397A7E77B03}.Release|Any CPU.ActiveCfg = Release|Any CPU
		{17291B1A-641C-4B97-A2F0-6397A7E77B03}.Release|Any CPU.Build.0 = Release|Any CPU
		{A991F8F7-4D6E-4940-8FFA-B1B8FCA8C230}.Debug|Any CPU.ActiveCfg = Debug|Any CPU
		{A991F8F7-4D6E-4940-8FFA-B1B8FCA8C230}.Debug|Any CPU.Build.0 = Debug|Any CPU
		{A991F8F7-4D6E-4940-8FFA-B1B8FCA8C230}.Release|Any CPU.ActiveCfg = Release|Any CPU
		{A991F8F7-4D6E-4940-8FFA-B1B8FCA8C230}.Release|Any CPU.Build.0 = Release|Any CPU
		{01372B39-BC4A-4B52-9AF1-1996CEB72337}.Debug|Any CPU.ActiveCfg = Debug|Any CPU
		{01372B39-BC4A-4B52-9AF1-1996CEB72337}.Debug|Any CPU.Build.0 = Debug|Any CPU
		{01372B39-BC4A-4B52-9AF1-1996CEB72337}.Release|Any CPU.ActiveCfg = Release|Any CPU
		{01372B39-BC4A-4B52-9AF1-1996CEB72337}.Release|Any CPU.Build.0 = Release|Any CPU
		{3A786454-3D88-41CD-A043-161FC980C411}.Debug|Any CPU.ActiveCfg = Debug|Any CPU
		{3A786454-3D88-41CD-A043-161FC980C411}.Debug|Any CPU.Build.0 = Debug|Any CPU
		{3A786454-3D88-41CD-A043-161FC980C411}.Release|Any CPU.ActiveCfg = Release|Any CPU
		{3A786454-3D88-41CD-A043-161FC980C411}.Release|Any CPU.Build.0 = Release|Any CPU
	EndGlobalSection
	GlobalSection(SolutionProperties) = preSolution
		HideSolutionNode = FALSE
	EndGlobalSection
	GlobalSection(ExtensibilityGlobals) = postSolution
		SolutionGuid = {39753092-8F45-4DDF-8B69-688003CB6182}
	EndGlobalSection
EndGlobal
